
Microsoft Visual Studio Solution File, Format Version 12.00
# Visual Studio Version 17
VisualStudioVersion = 17.5.33530.505
MinimumVisualStudioVersion = 10.0.40219.1
Project("{2150E333-8FDC-42A3-9474-1A3956D46DE8}") = "Services", "Services", "{7C05F382-846D-4F44-A944-A5BBE7F1FB8A}"
EndProject
Project("{2150E333-8FDC-42A3-9474-1A3956D46DE8}") = "BuildingBlocks", "BuildingBlocks", "{1C5BB7DF-192A-4AB1-AB2A-781CD8ABDD04}"
EndProject
Project("{2150E333-8FDC-42A3-9474-1A3956D46DE8}") = "APIGateways", "APIGateways", "{062462D3-4E60-4060-A983-B3F8F463B3F9}"
EndProject
Project("{2150E333-8FDC-42A3-9474-1A3956D46DE8}") = "ClientApps", "ClientApps", "{36CDAF6E-6C75-47C7-B440-9301D7ECF1E7}"
EndProject
Project("{FAE04EC0-301F-11D3-BF4B-00C04F79EFBC}") = "EMarket.EventBus.Messages", "BuildingBlocks\EMarket.EventBus.Messages\EMarket.EventBus.Messages.csproj", "{31B019ED-C1A4-4369-9C3D-C5AE32C78125}"
EndProject
Project("{2150E333-8FDC-42A3-9474-1A3956D46DE8}") = "Basket", "Basket", "{910AD1E2-B716-4F15-9A67-72CD2DCD14E5}"
EndProject
Project("{2150E333-8FDC-42A3-9474-1A3956D46DE8}") = "Catalog", "Catalog", "{95586D72-028F-42C8-99A0-0C4133811146}"
EndProject
Project("{2150E333-8FDC-42A3-9474-1A3956D46DE8}") = "Ordering", "Ordering", "{E7E5FE63-C629-4E39-8967-FCBAB73AFEEB}"
EndProject
Project("{2150E333-8FDC-42A3-9474-1A3956D46DE8}") = "Discount", "Discount", "{C77EE59F-1B7F-4EF2-9502-E3541C81F522}"
EndProject
Project("{FAE04EC0-301F-11D3-BF4B-00C04F79EFBC}") = "Catalog.API", "Services\Catalog\Catalog.API\Catalog.API.csproj", "{3C9E73B6-6415-40D1-B328-5A9D0B22DE8F}"
EndProject
Project("{FAE04EC0-301F-11D3-BF4B-00C04F79EFBC}") = "Catalog.Application", "Services\Catalog\Catalog.Application\Catalog.Application.csproj", "{41A7830D-85B3-4B7A-BD20-1AA022B25348}"
EndProject
Project("{FAE04EC0-301F-11D3-BF4B-00C04F79EFBC}") = "Catalog.Domain", "Services\Catalog\Catalog.Domain\Catalog.Domain.csproj", "{80EE7920-9F81-4213-BCF5-0A027B6AA818}"
EndProject
Project("{FAE04EC0-301F-11D3-BF4B-00C04F79EFBC}") = "Catalog.Infrastructure", "Services\Catalog\Catalog.Infrastructure\Catalog.Infrastructure.csproj", "{813D89DD-AB78-4DF6-A969-EFE311705878}"
EndProject
Project("{2150E333-8FDC-42A3-9474-1A3956D46DE8}") = "Kernel", "Kernel", "{3B706884-C06C-45D1-973B-EC95A9AB7C85}"
EndProject
Project("{FAE04EC0-301F-11D3-BF4B-00C04F79EFBC}") = "Kernel", "Kernel\Kernel.csproj", "{8E76A174-9B02-479D-8B52-D884AD1F21B5}"
EndProject
Global
	GlobalSection(SolutionConfigurationPlatforms) = preSolution
		Debug|Any CPU = Debug|Any CPU
		Release|Any CPU = Release|Any CPU
	EndGlobalSection
	GlobalSection(ProjectConfigurationPlatforms) = postSolution
		{31B019ED-C1A4-4369-9C3D-C5AE32C78125}.Debug|Any CPU.ActiveCfg = Debug|Any CPU
		{31B019ED-C1A4-4369-9C3D-C5AE32C78125}.Debug|Any CPU.Build.0 = Debug|Any CPU
		{31B019ED-C1A4-4369-9C3D-C5AE32C78125}.Release|Any CPU.ActiveCfg = Release|Any CPU
		{31B019ED-C1A4-4369-9C3D-C5AE32C78125}.Release|Any CPU.Build.0 = Release|Any CPU
		{3C9E73B6-6415-40D1-B328-5A9D0B22DE8F}.Debug|Any CPU.ActiveCfg = Debug|Any CPU
		{3C9E73B6-6415-40D1-B328-5A9D0B22DE8F}.Debug|Any CPU.Build.0 = Debug|Any CPU
		{3C9E73B6-6415-40D1-B328-5A9D0B22DE8F}.Release|Any CPU.ActiveCfg = Release|Any CPU
		{3C9E73B6-6415-40D1-B328-5A9D0B22DE8F}.Release|Any CPU.Build.0 = Release|Any CPU
		{41A7830D-85B3-4B7A-BD20-1AA022B25348}.Debug|Any CPU.ActiveCfg = Debug|Any CPU
		{41A7830D-85B3-4B7A-BD20-1AA022B25348}.Debug|Any CPU.Build.0 = Debug|Any CPU
		{41A7830D-85B3-4B7A-BD20-1AA022B25348}.Release|Any CPU.ActiveCfg = Release|Any CPU
		{41A7830D-85B3-4B7A-BD20-1AA022B25348}.Release|Any CPU.Build.0 = Release|Any CPU
		{80EE7920-9F81-4213-BCF5-0A027B6AA818}.Debug|Any CPU.ActiveCfg = Debug|Any CPU
		{80EE7920-9F81-4213-BCF5-0A027B6AA818}.Debug|Any CPU.Build.0 = Debug|Any CPU
		{80EE7920-9F81-4213-BCF5-0A027B6AA818}.Release|Any CPU.ActiveCfg = Release|Any CPU
		{80EE7920-9F81-4213-BCF5-0A027B6AA818}.Release|Any CPU.Build.0 = Release|Any CPU
		{813D89DD-AB78-4DF6-A969-EFE311705878}.Debug|Any CPU.ActiveCfg = Debug|Any CPU
		{813D89DD-AB78-4DF6-A969-EFE311705878}.Debug|Any CPU.Build.0 = Debug|Any CPU
		{813D89DD-AB78-4DF6-A969-EFE311705878}.Release|Any CPU.ActiveCfg = Release|Any CPU
		{813D89DD-AB78-4DF6-A969-EFE311705878}.Release|Any CPU.Build.0 = Release|Any CPU
		{8E76A174-9B02-479D-8B52-D884AD1F21B5}.Debug|Any CPU.ActiveCfg = Debug|Any CPU
		{8E76A174-9B02-479D-8B52-D884AD1F21B5}.Debug|Any CPU.Build.0 = Debug|Any CPU
		{8E76A174-9B02-479D-8B52-D884AD1F21B5}.Release|Any CPU.ActiveCfg = Release|Any CPU
		{8E76A174-9B02-479D-8B52-D884AD1F21B5}.Release|Any CPU.Build.0 = Release|Any CPU
	EndGlobalSection
	GlobalSection(SolutionProperties) = preSolution
		HideSolutionNode = FALSE
	EndGlobalSection
	GlobalSection(NestedProjects) = preSolution
		{31B019ED-C1A4-4369-9C3D-C5AE32C78125} = {1C5BB7DF-192A-4AB1-AB2A-781CD8ABDD04}
		{910AD1E2-B716-4F15-9A67-72CD2DCD14E5} = {7C05F382-846D-4F44-A944-A5BBE7F1FB8A}
		{95586D72-028F-42C8-99A0-0C4133811146} = {7C05F382-846D-4F44-A944-A5BBE7F1FB8A}
		{E7E5FE63-C629-4E39-8967-FCBAB73AFEEB} = {7C05F382-846D-4F44-A944-A5BBE7F1FB8A}
		{C77EE59F-1B7F-4EF2-9502-E3541C81F522} = {7C05F382-846D-4F44-A944-A5BBE7F1FB8A}
		{3C9E73B6-6415-40D1-B328-5A9D0B22DE8F} = {95586D72-028F-42C8-99A0-0C4133811146}
		{41A7830D-85B3-4B7A-BD20-1AA022B25348} = {95586D72-028F-42C8-99A0-0C4133811146}
		{80EE7920-9F81-4213-BCF5-0A027B6AA818} = {95586D72-028F-42C8-99A0-0C4133811146}
		{813D89DD-AB78-4DF6-A969-EFE311705878} = {95586D72-028F-42C8-99A0-0C4133811146}
		{8E76A174-9B02-479D-8B52-D884AD1F21B5} = {3B706884-C06C-45D1-973B-EC95A9AB7C85}
	EndGlobalSection
	GlobalSection(ExtensibilityGlobals) = postSolution
		SolutionGuid = {CCCE0DB6-47E4-43A6-97ED-7819B0B5C07B}
	EndGlobalSection
EndGlobal
